
Microsoft Visual Studio Solution File, Format Version 11.00
# Visual Studio 2010
Project("{FAE04EC0-301F-11D3-BF4B-00C04F79EFBC}") = "Apergies", "Apergies\Apergies.csproj", "{D2BF9E38-4BC9-4AEB-AEB5-4EDF27E385A5}"
EndProject
Project("{FAE04EC0-301F-11D3-BF4B-00C04F79EFBC}") = "ApergiesTileUpdate", "ApergiesTileUpdate\ApergiesTileUpdate.csproj", "{00F8E7B9-BBD9-49C7-88FE-FD2D39403157}"
EndProject
Global
	GlobalSection(SolutionConfigurationPlatforms) = preSolution
		Debug|Any CPU = Debug|Any CPU
		Release|Any CPU = Release|Any CPU
	EndGlobalSection
	GlobalSection(ProjectConfigurationPlatforms) = postSolution
		{D2BF9E38-4BC9-4AEB-AEB5-4EDF27E385A5}.Debug|Any CPU.ActiveCfg = Debug|Any CPU
		{D2BF9E38-4BC9-4AEB-AEB5-4EDF27E385A5}.Debug|Any CPU.Build.0 = Debug|Any CPU
		{D2BF9E38-4BC9-4AEB-AEB5-4EDF27E385A5}.Debug|Any CPU.Deploy.0 = Debug|Any CPU
		{D2BF9E38-4BC9-4AEB-AEB5-4EDF27E385A5}.Release|Any CPU.ActiveCfg = Release|Any CPU
		{D2BF9E38-4BC9-4AEB-AEB5-4EDF27E385A5}.Release|Any CPU.Build.0 = Release|Any CPU
		{D2BF9E38-4BC9-4AEB-AEB5-4EDF27E385A5}.Release|Any CPU.Deploy.0 = Release|Any CPU
		{00F8E7B9-BBD9-49C7-88FE-FD2D39403157}.Debug|Any CPU.ActiveCfg = Debug|Any CPU
		{00F8E7B9-BBD9-49C7-88FE-FD2D39403157}.Debug|Any CPU.Build.0 = Debug|Any CPU
		{00F8E7B9-BBD9-49C7-88FE-FD2D39403157}.Release|Any CPU.ActiveCfg = Release|Any CPU
		{00F8E7B9-BBD9-49C7-88FE-FD2D39403157}.Release|Any CPU.Build.0 = Release|Any CPU
	EndGlobalSection
	GlobalSection(SolutionProperties) = preSolution
		HideSolutionNode = FALSE
	EndGlobalSection
EndGlobal
